
Microsoft Visual Studio Solution File, Format Version 12.00
# Visual Studio Version 16
VisualStudioVersion = 16.0.29519.87
MinimumVisualStudioVersion = 10.0.40219.1
Project("{FAE04EC0-301F-11D3-BF4B-00C04F79EFBC}") = "Task10", "Task10\Task10.csproj", "{13F5E120-B3BC-4F13-9297-7124C55BAAD6}"
EndProject
Project("{FAE04EC0-301F-11D3-BF4B-00C04F79EFBC}") = "Epam.Task06.Entities", "E:\Epam\xt_net_web\Task06\6.2\Epam.Task06\Epam.Task06.Entities\Epam.Task06.Entities.csproj", "{0D2AB0F4-456A-4FF1-ACD7-2D44EC9A8C2A}"
EndProject
Project("{FAE04EC0-301F-11D3-BF4B-00C04F79EFBC}") = "Epam.Task06.DependencyResolver", "E:\Epam\xt_net_web\Task06\6.2\Epam.Task06\Epam.Task06.DependencyResolver\Epam.Task06.DependencyResolver.csproj", "{FC47E290-0F98-46A9-89BD-C01F855FE34A}"
EndProject
Project("{FAE04EC0-301F-11D3-BF4B-00C04F79EFBC}") = "Epam.Task06.DAL.Interfaces", "E:\Epam\xt_net_web\Task06\6.2\Epam.Task06\Epam.Task06.DAL.Interfaces\Epam.Task06.DAL.Interfaces.csproj", "{0897D648-E88A-4980-9DAE-BF9DBAD8944C}"
EndProject
Project("{FAE04EC0-301F-11D3-BF4B-00C04F79EFBC}") = "Epam.Task06.DAL", "E:\Epam\xt_net_web\Task06\6.2\Epam.Task06\Epam.Task06.DAL\Epam.Task06.DAL.csproj", "{CF40C910-FE5D-44FD-8D4C-6D90B450E1B7}"
EndProject
Project("{FAE04EC0-301F-11D3-BF4B-00C04F79EFBC}") = "Epam.Task06.BLL.Interfaces", "E:\Epam\xt_net_web\Task06\6.2\Epam.Task06\Epam.Task06.BLL.Interfaces\Epam.Task06.BLL.Interfaces.csproj", "{1157976D-3717-43A6-9271-B93F18407AF2}"
EndProject
Project("{FAE04EC0-301F-11D3-BF4B-00C04F79EFBC}") = "Epam.Task06.BLL", "E:\Epam\xt_net_web\Task06\6.2\Epam.Task06\Epam.Task06.BLL\Epam.Task06.BLL.csproj", "{06220080-8278-4069-9042-75DE941C000B}"
EndProject
Project("{2150E333-8FDC-42A3-9474-1A3956D46DE8}") = "BLL", "BLL", "{B0A08D08-B03E-4461-96EA-182F30E13EDF}"
EndProject
Project("{2150E333-8FDC-42A3-9474-1A3956D46DE8}") = "DAL", "DAL", "{47385182-6E0F-4BE8-A11A-61F399092581}"
EndProject
Project("{2150E333-8FDC-42A3-9474-1A3956D46DE8}") = "Common", "Common", "{B3A81765-DC33-4EC9-A2C9-B06EBC6881C6}"
EndProject
Project("{2150E333-8FDC-42A3-9474-1A3956D46DE8}") = "PL", "PL", "{39DC58FB-507B-43A5-B105-BA44F10553A6}"
EndProject
Global
	GlobalSection(SolutionConfigurationPlatforms) = preSolution
		Debug|Any CPU = Debug|Any CPU
		Release|Any CPU = Release|Any CPU
	EndGlobalSection
	GlobalSection(ProjectConfigurationPlatforms) = postSolution
		{13F5E120-B3BC-4F13-9297-7124C55BAAD6}.Debug|Any CPU.ActiveCfg = Debug|Any CPU
		{13F5E120-B3BC-4F13-9297-7124C55BAAD6}.Debug|Any CPU.Build.0 = Debug|Any CPU
		{13F5E120-B3BC-4F13-9297-7124C55BAAD6}.Release|Any CPU.ActiveCfg = Release|Any CPU
		{13F5E120-B3BC-4F13-9297-7124C55BAAD6}.Release|Any CPU.Build.0 = Release|Any CPU
		{0D2AB0F4-456A-4FF1-ACD7-2D44EC9A8C2A}.Debug|Any CPU.ActiveCfg = Debug|Any CPU
		{0D2AB0F4-456A-4FF1-ACD7-2D44EC9A8C2A}.Debug|Any CPU.Build.0 = Debug|Any CPU
		{0D2AB0F4-456A-4FF1-ACD7-2D44EC9A8C2A}.Release|Any CPU.ActiveCfg = Release|Any CPU
		{0D2AB0F4-456A-4FF1-ACD7-2D44EC9A8C2A}.Release|Any CPU.Build.0 = Release|Any CPU
		{FC47E290-0F98-46A9-89BD-C01F855FE34A}.Debug|Any CPU.ActiveCfg = Debug|Any CPU
		{FC47E290-0F98-46A9-89BD-C01F855FE34A}.Debug|Any CPU.Build.0 = Debug|Any CPU
		{FC47E290-0F98-46A9-89BD-C01F855FE34A}.Release|Any CPU.ActiveCfg = Release|Any CPU
		{FC47E290-0F98-46A9-89BD-C01F855FE34A}.Release|Any CPU.Build.0 = Release|Any CPU
		{0897D648-E88A-4980-9DAE-BF9DBAD8944C}.Debug|Any CPU.ActiveCfg = Debug|Any CPU
		{0897D648-E88A-4980-9DAE-BF9DBAD8944C}.Debug|Any CPU.Build.0 = Debug|Any CPU
		{0897D648-E88A-4980-9DAE-BF9DBAD8944C}.Release|Any CPU.ActiveCfg = Release|Any CPU
		{0897D648-E88A-4980-9DAE-BF9DBAD8944C}.Release|Any CPU.Build.0 = Release|Any CPU
		{CF40C910-FE5D-44FD-8D4C-6D90B450E1B7}.Debug|Any CPU.ActiveCfg = Debug|Any CPU
		{CF40C910-FE5D-44FD-8D4C-6D90B450E1B7}.Debug|Any CPU.Build.0 = Debug|Any CPU
		{CF40C910-FE5D-44FD-8D4C-6D90B450E1B7}.Release|Any CPU.ActiveCfg = Release|Any CPU
		{CF40C910-FE5D-44FD-8D4C-6D90B450E1B7}.Release|Any CPU.Build.0 = Release|Any CPU
		{1157976D-3717-43A6-9271-B93F18407AF2}.Debug|Any CPU.ActiveCfg = Debug|Any CPU
		{1157976D-3717-43A6-9271-B93F18407AF2}.Debug|Any CPU.Build.0 = Debug|Any CPU
		{1157976D-3717-43A6-9271-B93F18407AF2}.Release|Any CPU.ActiveCfg = Release|Any CPU
		{1157976D-3717-43A6-9271-B93F18407AF2}.Release|Any CPU.Build.0 = Release|Any CPU
		{06220080-8278-4069-9042-75DE941C000B}.Debug|Any CPU.ActiveCfg = Debug|Any CPU
		{06220080-8278-4069-9042-75DE941C000B}.Debug|Any CPU.Build.0 = Debug|Any CPU
		{06220080-8278-4069-9042-75DE941C000B}.Release|Any CPU.ActiveCfg = Release|Any CPU
		{06220080-8278-4069-9042-75DE941C000B}.Release|Any CPU.Build.0 = Release|Any CPU
	EndGlobalSection
	GlobalSection(SolutionProperties) = preSolution
		HideSolutionNode = FALSE
	EndGlobalSection
	GlobalSection(NestedProjects) = preSolution
		{13F5E120-B3BC-4F13-9297-7124C55BAAD6} = {39DC58FB-507B-43A5-B105-BA44F10553A6}
		{0D2AB0F4-456A-4FF1-ACD7-2D44EC9A8C2A} = {B3A81765-DC33-4EC9-A2C9-B06EBC6881C6}
		{FC47E290-0F98-46A9-89BD-C01F855FE34A} = {B3A81765-DC33-4EC9-A2C9-B06EBC6881C6}
		{0897D648-E88A-4980-9DAE-BF9DBAD8944C} = {47385182-6E0F-4BE8-A11A-61F399092581}
		{CF40C910-FE5D-44FD-8D4C-6D90B450E1B7} = {47385182-6E0F-4BE8-A11A-61F399092581}
		{1157976D-3717-43A6-9271-B93F18407AF2} = {B0A08D08-B03E-4461-96EA-182F30E13EDF}
		{06220080-8278-4069-9042-75DE941C000B} = {B0A08D08-B03E-4461-96EA-182F30E13EDF}
	EndGlobalSection
	GlobalSection(ExtensibilityGlobals) = postSolution
		SolutionGuid = {34FE61A3-CFF6-44DE-ACB0-9CC1A4E07A45}
	EndGlobalSection
EndGlobal
