
Microsoft Visual Studio Solution File, Format Version 12.00
# Visual Studio Version 16
VisualStudioVersion = 16.0.29728.190
MinimumVisualStudioVersion = 10.0.40219.1
Project("{FAE04EC0-301F-11D3-BF4B-00C04F79EFBC}") = "Entities", "Entities\Entities.csproj", "{3D0986E1-32AA-40EF-AFE0-3BA770D9C1D7}"
EndProject
Project("{FAE04EC0-301F-11D3-BF4B-00C04F79EFBC}") = "Epam.Task06.DAL.Interfaces", "DAL.Interfaces\Epam.Task06.DAL.Interfaces.csproj", "{902A513B-5C0F-43E7-99D7-E0C92838199A}"
EndProject
Project("{FAE04EC0-301F-11D3-BF4B-00C04F79EFBC}") = "Epam.Task06.DAL", "DAL\Epam.Task06.DAL.csproj", "{00CAE576-C9BE-4A43-B23E-B90D46D08F64}"
EndProject
Project("{2150E333-8FDC-42A3-9474-1A3956D46DE8}") = "DAL", "DAL", "{FE535646-4B77-4A01-B7FA-738B959D350C}"
EndProject
Project("{2150E333-8FDC-42A3-9474-1A3956D46DE8}") = "Common", "Common", "{733DC7D9-59B8-4400-8337-E7C191AE9792}"
EndProject
Project("{FAE04EC0-301F-11D3-BF4B-00C04F79EFBC}") = "Epam.Task06.BLL", "Epam.Task06.BLL\Epam.Task06.BLL.csproj", "{618E98D5-4D4F-42AB-830D-50A7068DE9A8}"
EndProject
Project("{2150E333-8FDC-42A3-9474-1A3956D46DE8}") = "BLL", "BLL", "{24E34A94-1F27-4026-9D25-1E08F0DBAD9A}"
EndProject
Project("{FAE04EC0-301F-11D3-BF4B-00C04F79EFBC}") = "Epam.Task06.BLL.Interfaces", "Epam.Task06.BLL.Interfaces\Epam.Task06.BLL.Interfaces.csproj", "{FFE741A9-810F-4045-94CB-AC8149744F7B}"
EndProject
Project("{FAE04EC0-301F-11D3-BF4B-00C04F79EFBC}") = "Epam.Task06.DependencyResolver", "Epam.Task06.DependencyResolver\Epam.Task06.DependencyResolver.csproj", "{17E3C8D6-6182-41A8-8B76-6CD7BF81DC02}"
EndProject
Project("{2150E333-8FDC-42A3-9474-1A3956D46DE8}") = "Pl", "Pl", "{3D930591-B875-45CB-A068-8F19FE2DF589}"
EndProject
Project("{FAE04EC0-301F-11D3-BF4B-00C04F79EFBC}") = "Epam.Task06.ConsolePL", "Epam.Task06.ConsolePL\Epam.Task06.ConsolePL.csproj", "{D714FAA3-0B06-40D0-934A-52826E6CB3E2}"
EndProject
Global
	GlobalSection(SolutionConfigurationPlatforms) = preSolution
		Debug|Any CPU = Debug|Any CPU
		Release|Any CPU = Release|Any CPU
	EndGlobalSection
	GlobalSection(ProjectConfigurationPlatforms) = postSolution
		{3D0986E1-32AA-40EF-AFE0-3BA770D9C1D7}.Debug|Any CPU.ActiveCfg = Debug|Any CPU
		{3D0986E1-32AA-40EF-AFE0-3BA770D9C1D7}.Debug|Any CPU.Build.0 = Debug|Any CPU
		{3D0986E1-32AA-40EF-AFE0-3BA770D9C1D7}.Release|Any CPU.ActiveCfg = Release|Any CPU
		{3D0986E1-32AA-40EF-AFE0-3BA770D9C1D7}.Release|Any CPU.Build.0 = Release|Any CPU
		{902A513B-5C0F-43E7-99D7-E0C92838199A}.Debug|Any CPU.ActiveCfg = Debug|Any CPU
		{902A513B-5C0F-43E7-99D7-E0C92838199A}.Debug|Any CPU.Build.0 = Debug|Any CPU
		{902A513B-5C0F-43E7-99D7-E0C92838199A}.Release|Any CPU.ActiveCfg = Release|Any CPU
		{902A513B-5C0F-43E7-99D7-E0C92838199A}.Release|Any CPU.Build.0 = Release|Any CPU
		{00CAE576-C9BE-4A43-B23E-B90D46D08F64}.Debug|Any CPU.ActiveCfg = Debug|Any CPU
		{00CAE576-C9BE-4A43-B23E-B90D46D08F64}.Debug|Any CPU.Build.0 = Debug|Any CPU
		{00CAE576-C9BE-4A43-B23E-B90D46D08F64}.Release|Any CPU.ActiveCfg = Release|Any CPU
		{00CAE576-C9BE-4A43-B23E-B90D46D08F64}.Release|Any CPU.Build.0 = Release|Any CPU
		{618E98D5-4D4F-42AB-830D-50A7068DE9A8}.Debug|Any CPU.ActiveCfg = Debug|Any CPU
		{618E98D5-4D4F-42AB-830D-50A7068DE9A8}.Debug|Any CPU.Build.0 = Debug|Any CPU
		{618E98D5-4D4F-42AB-830D-50A7068DE9A8}.Release|Any CPU.ActiveCfg = Release|Any CPU
		{618E98D5-4D4F-42AB-830D-50A7068DE9A8}.Release|Any CPU.Build.0 = Release|Any CPU
		{FFE741A9-810F-4045-94CB-AC8149744F7B}.Debug|Any CPU.ActiveCfg = Debug|Any CPU
		{FFE741A9-810F-4045-94CB-AC8149744F7B}.Debug|Any CPU.Build.0 = Debug|Any CPU
		{FFE741A9-810F-4045-94CB-AC8149744F7B}.Release|Any CPU.ActiveCfg = Release|Any CPU
		{FFE741A9-810F-4045-94CB-AC8149744F7B}.Release|Any CPU.Build.0 = Release|Any CPU
		{17E3C8D6-6182-41A8-8B76-6CD7BF81DC02}.Debug|Any CPU.ActiveCfg = Debug|Any CPU
		{17E3C8D6-6182-41A8-8B76-6CD7BF81DC02}.Debug|Any CPU.Build.0 = Debug|Any CPU
		{17E3C8D6-6182-41A8-8B76-6CD7BF81DC02}.Release|Any CPU.ActiveCfg = Release|Any CPU
		{17E3C8D6-6182-41A8-8B76-6CD7BF81DC02}.Release|Any CPU.Build.0 = Release|Any CPU
		{D714FAA3-0B06-40D0-934A-52826E6CB3E2}.Debug|Any CPU.ActiveCfg = Debug|Any CPU
		{D714FAA3-0B06-40D0-934A-52826E6CB3E2}.Debug|Any CPU.Build.0 = Debug|Any CPU
		{D714FAA3-0B06-40D0-934A-52826E6CB3E2}.Release|Any CPU.ActiveCfg = Release|Any CPU
		{D714FAA3-0B06-40D0-934A-52826E6CB3E2}.Release|Any CPU.Build.0 = Release|Any CPU
	EndGlobalSection
	GlobalSection(SolutionProperties) = preSolution
		HideSolutionNode = FALSE
	EndGlobalSection
	GlobalSection(NestedProjects) = preSolution
		{3D0986E1-32AA-40EF-AFE0-3BA770D9C1D7} = {733DC7D9-59B8-4400-8337-E7C191AE9792}
		{902A513B-5C0F-43E7-99D7-E0C92838199A} = {FE535646-4B77-4A01-B7FA-738B959D350C}
		{00CAE576-C9BE-4A43-B23E-B90D46D08F64} = {FE535646-4B77-4A01-B7FA-738B959D350C}
		{618E98D5-4D4F-42AB-830D-50A7068DE9A8} = {24E34A94-1F27-4026-9D25-1E08F0DBAD9A}
		{FFE741A9-810F-4045-94CB-AC8149744F7B} = {24E34A94-1F27-4026-9D25-1E08F0DBAD9A}
		{17E3C8D6-6182-41A8-8B76-6CD7BF81DC02} = {733DC7D9-59B8-4400-8337-E7C191AE9792}
		{D714FAA3-0B06-40D0-934A-52826E6CB3E2} = {3D930591-B875-45CB-A068-8F19FE2DF589}
	EndGlobalSection
	GlobalSection(ExtensibilityGlobals) = postSolution
		SolutionGuid = {646715B6-172B-4AE4-B948-7AD7447D8D5E}
	EndGlobalSection
EndGlobal
