
Microsoft Visual Studio Solution File, Format Version 12.00
# Visual Studio Version 16
VisualStudioVersion = 16.0.29215.179
MinimumVisualStudioVersion = 10.0.40219.1
Project("{FAE04EC0-301F-11D3-BF4B-00C04F79EFBC}") = "Task(0.0-0.5)", "Task(0.0-0.5)\Task(0.0-0.5).csproj", "{22A1655C-A473-4B94-9E9C-94C2CB4A07B6}"
EndProject
Global
	GlobalSection(SolutionConfigurationPlatforms) = preSolution
		Debug|Any CPU = Debug|Any CPU
		Release|Any CPU = Release|Any CPU
	EndGlobalSection
	GlobalSection(ProjectConfigurationPlatforms) = postSolution
		{22A1655C-A473-4B94-9E9C-94C2CB4A07B6}.Debug|Any CPU.ActiveCfg = Debug|Any CPU
		{22A1655C-A473-4B94-9E9C-94C2CB4A07B6}.Debug|Any CPU.Build.0 = Debug|Any CPU
		{22A1655C-A473-4B94-9E9C-94C2CB4A07B6}.Release|Any CPU.ActiveCfg = Release|Any CPU
		{22A1655C-A473-4B94-9E9C-94C2CB4A07B6}.Release|Any CPU.Build.0 = Release|Any CPU
	EndGlobalSection
	GlobalSection(SolutionProperties) = preSolution
		HideSolutionNode = FALSE
	EndGlobalSection
	GlobalSection(ExtensibilityGlobals) = postSolution
		SolutionGuid = {A46CDE3C-595C-43C9-B9A0-B8914CA313C3}
	EndGlobalSection
EndGlobal
